// !$*UTF8*$!
{
	archiveVersion = 1;
	classes = {
	};
	objectVersion = 50;
	objects = {

/* Begin PBXBuildFile section */
		ED466CB124696EC700A7C44F /* AppDelegate.swift in Sources */ = {isa = PBXBuildFile; fileRef = ED466CB024696EC700A7C44F /* AppDelegate.swift */; };
		ED466CB324696EC700A7C44F /* SceneDelegate.swift in Sources */ = {isa = PBXBuildFile; fileRef = ED466CB224696EC700A7C44F /* SceneDelegate.swift */; };
		ED466CB524696EC700A7C44F /* ViewController.swift in Sources */ = {isa = PBXBuildFile; fileRef = ED466CB424696EC700A7C44F /* ViewController.swift */; };
		ED466CB824696EC700A7C44F /* Main.storyboard in Resources */ = {isa = PBXBuildFile; fileRef = ED466CB624696EC700A7C44F /* Main.storyboard */; };
		ED466CBA24696EC900A7C44F /* Assets.xcassets in Resources */ = {isa = PBXBuildFile; fileRef = ED466CB924696EC900A7C44F /* Assets.xcassets */; };
		ED466CBD24696EC900A7C44F /* LaunchScreen.storyboard in Resources */ = {isa = PBXBuildFile; fileRef = ED466CBB24696EC900A7C44F /* LaunchScreen.storyboard */; };
		ED466CC824696EC900A7C44F /* TechMonTests.swift in Sources */ = {isa = PBXBuildFile; fileRef = ED466CC724696EC900A7C44F /* TechMonTests.swift */; };
		ED466CD324696EC900A7C44F /* TechMonUITests.swift in Sources */ = {isa = PBXBuildFile; fileRef = ED466CD224696EC900A7C44F /* TechMonUITests.swift */; };
		ED466D2024696F5900A7C44F /* lobby.png in Resources */ = {isa = PBXBuildFile; fileRef = ED466D0B24696F5900A7C44F /* lobby.png */; };
		ED466D2124696F5900A7C44F /* battlebg.png in Resources */ = {isa = PBXBuildFile; fileRef = ED466D0C24696F5900A7C44F /* battlebg.png */; };
		ED466D2224696F5900A7C44F /* bgimage.jpg in Resources */ = {isa = PBXBuildFile; fileRef = ED466D0D24696F5900A7C44F /* bgimage.jpg */; };
		ED466D2324696F5900A7C44F /* waku.png in Resources */ = {isa = PBXBuildFile; fileRef = ED466D0E24696F5900A7C44F /* waku.png */; };
		ED466D2424696F5900A7C44F /* gold_button.png in Resources */ = {isa = PBXBuildFile; fileRef = ED466D0F24696F5900A7C44F /* gold_button.png */; };
		ED466D2524696F5900A7C44F /* yusya.png in Resources */ = {isa = PBXBuildFile; fileRef = ED466D1024696F5900A7C44F /* yusya.png */; };
		ED466D2624696F5900A7C44F /* monster.png in Resources */ = {isa = PBXBuildFile; fileRef = ED466D1124696F5900A7C44F /* monster.png */; };
		ED466D2A24696F5900A7C44F /* SE_fanfare.mp3 in Resources */ = {isa = PBXBuildFile; fileRef = ED466D1724696F5900A7C44F /* SE_fanfare.mp3 */; };
		ED466D2B24696F5900A7C44F /* BGM_battle001.mp3 in Resources */ = {isa = PBXBuildFile; fileRef = ED466D1824696F5900A7C44F /* BGM_battle001.mp3 */; };
		ED466D2C24696F5900A7C44F /* SE_fire.mp3 in Resources */ = {isa = PBXBuildFile; fileRef = ED466D1924696F5900A7C44F /* SE_fire.mp3 */; };
		ED466D2D24696F5900A7C44F /* SE_attack.mp3 in Resources */ = {isa = PBXBuildFile; fileRef = ED466D1A24696F5900A7C44F /* SE_attack.mp3 */; };
		ED466D2E24696F5900A7C44F /* SE_gameover.mp3 in Resources */ = {isa = PBXBuildFile; fileRef = ED466D1B24696F5900A7C44F /* SE_gameover.mp3 */; };
		ED466D2F24696F5900A7C44F /* SE_charge.mp3 in Resources */ = {isa = PBXBuildFile; fileRef = ED466D1C24696F5900A7C44F /* SE_charge.mp3 */; };
		ED466D3024696F5900A7C44F /* lobby.mp3 in Resources */ = {isa = PBXBuildFile; fileRef = ED466D1D24696F5900A7C44F /* lobby.mp3 */; };
		ED466D3124696F5900A7C44F /* misaki_gothic.ttf in Resources */ = {isa = PBXBuildFile; fileRef = ED466D1F24696F5900A7C44F /* misaki_gothic.ttf */; };
		ED466D33246973F600A7C44F /* LobbyViewController.swift in Sources */ = {isa = PBXBuildFile; fileRef = ED466D32246973F600A7C44F /* LobbyViewController.swift */; };
		ED466D352469742000A7C44F /* BattleViewController.swift in Sources */ = {isa = PBXBuildFile; fileRef = ED466D342469742000A7C44F /* BattleViewController.swift */; };
		ED466D5A2469A05100A7C44F /* Icon in Resources */ = {isa = PBXBuildFile; fileRef = ED466D422469A05100A7C44F /* Icon */; };
		ED466D5B2469A05100A7C44F /* TechMonManager.swift in Sources */ = {isa = PBXBuildFile; fileRef = ED466D432469A05100A7C44F /* TechMonManager.swift */; };
		ED466D5C2469A05100A7C44F /* Character.swift in Sources */ = {isa = PBXBuildFile; fileRef = ED466D442469A05100A7C44F /* Character.swift */; };
/* End PBXBuildFile section */

/* Begin PBXContainerItemProxy section */
		ED466CC424696EC900A7C44F /* PBXContainerItemProxy */ = {
			isa = PBXContainerItemProxy;
			containerPortal = ED466CA524696EC700A7C44F /* Project object */;
			proxyType = 1;
			remoteGlobalIDString = ED466CAC24696EC700A7C44F;
			remoteInfo = TechMon;
		};
		ED466CCF24696EC900A7C44F /* PBXContainerItemProxy */ = {
			isa = PBXContainerItemProxy;
			containerPortal = ED466CA524696EC700A7C44F /* Project object */;
			proxyType = 1;
			remoteGlobalIDString = ED466CAC24696EC700A7C44F;
			remoteInfo = TechMon;
		};
/* End PBXContainerItemProxy section */

/* Begin PBXFileReference section */
		ED466CAD24696EC700A7C44F /* TechMon.app */ = {isa = PBXFileReference; explicitFileType = wrapper.application; includeInIndex = 0; path = TechMon.app; sourceTree = BUILT_PRODUCTS_DIR; };
		ED466CB024696EC700A7C44F /* AppDelegate.swift */ = {isa = PBXFileReference; lastKnownFileType = sourcecode.swift; path = AppDelegate.swift; sourceTree = "<group>"; };
		ED466CB224696EC700A7C44F /* SceneDelegate.swift */ = {isa = PBXFileReference; lastKnownFileType = sourcecode.swift; path = SceneDelegate.swift; sourceTree = "<group>"; };
		ED466CB424696EC700A7C44F /* ViewController.swift */ = {isa = PBXFileReference; lastKnownFileType = sourcecode.swift; path = ViewController.swift; sourceTree = "<group>"; };
		ED466CB724696EC700A7C44F /* Base */ = {isa = PBXFileReference; lastKnownFileType = file.storyboard; name = Base; path = Base.lproj/Main.storyboard; sourceTree = "<group>"; };
		ED466CB924696EC900A7C44F /* Assets.xcassets */ = {isa = PBXFileReference; lastKnownFileType = folder.assetcatalog; path = Assets.xcassets; sourceTree = "<group>"; };
		ED466CBC24696EC900A7C44F /* Base */ = {isa = PBXFileReference; lastKnownFileType = file.storyboard; name = Base; path = Base.lproj/LaunchScreen.storyboard; sourceTree = "<group>"; };
		ED466CBE24696EC900A7C44F /* Info.plist */ = {isa = PBXFileReference; lastKnownFileType = text.plist.xml; path = Info.plist; sourceTree = "<group>"; };
		ED466CC324696EC900A7C44F /* TechMonTests.xctest */ = {isa = PBXFileReference; explicitFileType = wrapper.cfbundle; includeInIndex = 0; path = TechMonTests.xctest; sourceTree = BUILT_PRODUCTS_DIR; };
		ED466CC724696EC900A7C44F /* TechMonTests.swift */ = {isa = PBXFileReference; lastKnownFileType = sourcecode.swift; path = TechMonTests.swift; sourceTree = "<group>"; };
		ED466CC924696EC900A7C44F /* Info.plist */ = {isa = PBXFileReference; lastKnownFileType = text.plist.xml; path = Info.plist; sourceTree = "<group>"; };
		ED466CCE24696EC900A7C44F /* TechMonUITests.xctest */ = {isa = PBXFileReference; explicitFileType = wrapper.cfbundle; includeInIndex = 0; path = TechMonUITests.xctest; sourceTree = BUILT_PRODUCTS_DIR; };
		ED466CD224696EC900A7C44F /* TechMonUITests.swift */ = {isa = PBXFileReference; lastKnownFileType = sourcecode.swift; path = TechMonUITests.swift; sourceTree = "<group>"; };
		ED466CD424696EC900A7C44F /* Info.plist */ = {isa = PBXFileReference; lastKnownFileType = text.plist.xml; path = Info.plist; sourceTree = "<group>"; };
		ED466D0B24696F5900A7C44F /* lobby.png */ = {isa = PBXFileReference; lastKnownFileType = image.png; path = lobby.png; sourceTree = "<group>"; };
		ED466D0C24696F5900A7C44F /* battlebg.png */ = {isa = PBXFileReference; lastKnownFileType = image.png; path = battlebg.png; sourceTree = "<group>"; };
		ED466D0D24696F5900A7C44F /* bgimage.jpg */ = {isa = PBXFileReference; lastKnownFileType = image.jpeg; path = bgimage.jpg; sourceTree = "<group>"; };
		ED466D0E24696F5900A7C44F /* waku.png */ = {isa = PBXFileReference; lastKnownFileType = image.png; path = waku.png; sourceTree = "<group>"; };
		ED466D0F24696F5900A7C44F /* gold_button.png */ = {isa = PBXFileReference; lastKnownFileType = image.png; path = gold_button.png; sourceTree = "<group>"; };
		ED466D1024696F5900A7C44F /* yusya.png */ = {isa = PBXFileReference; lastKnownFileType = image.png; path = yusya.png; sourceTree = "<group>"; };
		ED466D1124696F5900A7C44F /* monster.png */ = {isa = PBXFileReference; lastKnownFileType = image.png; path = monster.png; sourceTree = "<group>"; };
		ED466D1724696F5900A7C44F /* SE_fanfare.mp3 */ = {isa = PBXFileReference; lastKnownFileType = audio.mp3; path = SE_fanfare.mp3; sourceTree = "<group>"; };
		ED466D1824696F5900A7C44F /* BGM_battle001.mp3 */ = {isa = PBXFileReference; lastKnownFileType = audio.mp3; path = BGM_battle001.mp3; sourceTree = "<group>"; };
		ED466D1924696F5900A7C44F /* SE_fire.mp3 */ = {isa = PBXFileReference; lastKnownFileType = audio.mp3; path = SE_fire.mp3; sourceTree = "<group>"; };
		ED466D1A24696F5900A7C44F /* SE_attack.mp3 */ = {isa = PBXFileReference; lastKnownFileType = audio.mp3; path = SE_attack.mp3; sourceTree = "<group>"; };
		ED466D1B24696F5900A7C44F /* SE_gameover.mp3 */ = {isa = PBXFileReference; lastKnownFileType = audio.mp3; path = SE_gameover.mp3; sourceTree = "<group>"; };
		ED466D1C24696F5900A7C44F /* SE_charge.mp3 */ = {isa = PBXFileReference; lastKnownFileType = audio.mp3; path = SE_charge.mp3; sourceTree = "<group>"; };
		ED466D1D24696F5900A7C44F /* lobby.mp3 */ = {isa = PBXFileReference; lastKnownFileType = audio.mp3; path = lobby.mp3; sourceTree = "<group>"; };
		ED466D1F24696F5900A7C44F /* misaki_gothic.ttf */ = {isa = PBXFileReference; lastKnownFileType = file; path = misaki_gothic.ttf; sourceTree = "<group>"; };
		ED466D32246973F600A7C44F /* LobbyViewController.swift */ = {isa = PBXFileReference; lastKnownFileType = sourcecode.swift; path = LobbyViewController.swift; sourceTree = "<group>"; };
		ED466D342469742000A7C44F /* BattleViewController.swift */ = {isa = PBXFileReference; lastKnownFileType = sourcecode.swift; path = BattleViewController.swift; sourceTree = "<group>"; };
		ED466D422469A05100A7C44F /* Icon */ = {isa = PBXFileReference; fileEncoding = 4; lastKnownFileType = text; path = "Icon"; sourceTree = "<group>"; };
		ED466D432469A05100A7C44F /* TechMonManager.swift */ = {isa = PBXFileReference; fileEncoding = 4; lastKnownFileType = sourcecode.swift; path = TechMonManager.swift; sourceTree = "<group>"; };
		ED466D442469A05100A7C44F /* Character.swift */ = {isa = PBXFileReference; fileEncoding = 4; lastKnownFileType = sourcecode.swift; path = Character.swift; sourceTree = "<group>"; };
/* End PBXFileReference section */

/* Begin PBXFrameworksBuildPhase section */
		ED466CAA24696EC700A7C44F /* Frameworks */ = {
			isa = PBXFrameworksBuildPhase;
			buildActionMask = 2147483647;
			files = (
			);
			runOnlyForDeploymentPostprocessing = 0;
		};
		ED466CC024696EC900A7C44F /* Frameworks */ = {
			isa = PBXFrameworksBuildPhase;
			buildActionMask = 2147483647;
			files = (
			);
			runOnlyForDeploymentPostprocessing = 0;
		};
		ED466CCB24696EC900A7C44F /* Frameworks */ = {
			isa = PBXFrameworksBuildPhase;
			buildActionMask = 2147483647;
			files = (
			);
			runOnlyForDeploymentPostprocessing = 0;
		};
/* End PBXFrameworksBuildPhase section */

/* Begin PBXGroup section */
		ED466CA424696EC700A7C44F = {
			isa = PBXGroup;
			children = (
				ED466CAF24696EC700A7C44F /* TechMon */,
				ED466CC624696EC900A7C44F /* TechMonTests */,
				ED466CD124696EC900A7C44F /* TechMonUITests */,
				ED466CAE24696EC700A7C44F /* Products */,
			);
			sourceTree = "<group>";
		};
		ED466CAE24696EC700A7C44F /* Products */ = {
			isa = PBXGroup;
			children = (
				ED466CAD24696EC700A7C44F /* TechMon.app */,
				ED466CC324696EC900A7C44F /* TechMonTests.xctest */,
				ED466CCE24696EC900A7C44F /* TechMonUITests.xctest */,
			);
			name = Products;
			sourceTree = "<group>";
		};
		ED466CAF24696EC700A7C44F /* TechMon */ = {
			isa = PBXGroup;
			children = (
				ED466D0924696F5900A7C44F /* TechMon_Resources */,
				ED466CB024696EC700A7C44F /* AppDelegate.swift */,
				ED466CB224696EC700A7C44F /* SceneDelegate.swift */,
				ED466CB424696EC700A7C44F /* ViewController.swift */,
				ED466CB624696EC700A7C44F /* Main.storyboard */,
				ED466CB924696EC900A7C44F /* Assets.xcassets */,
				ED466CBB24696EC900A7C44F /* LaunchScreen.storyboard */,
				ED466CBE24696EC900A7C44F /* Info.plist */,
				ED466D32246973F600A7C44F /* LobbyViewController.swift */,
				ED466D342469742000A7C44F /* BattleViewController.swift */,
			);
			path = TechMon;
			sourceTree = "<group>";
		};
		ED466CC624696EC900A7C44F /* TechMonTests */ = {
			isa = PBXGroup;
			children = (
				ED466CC724696EC900A7C44F /* TechMonTests.swift */,
				ED466CC924696EC900A7C44F /* Info.plist */,
			);
			path = TechMonTests;
			sourceTree = "<group>";
		};
		ED466CD124696EC900A7C44F /* TechMonUITests */ = {
			isa = PBXGroup;
			children = (
				ED466CD224696EC900A7C44F /* TechMonUITests.swift */,
				ED466CD424696EC900A7C44F /* Info.plist */,
			);
			path = TechMonUITests;
			sourceTree = "<group>";
		};
		ED466D0924696F5900A7C44F /* TechMon_Resources */ = {
			isa = PBXGroup;
			children = (
				ED466D0A24696F5900A7C44F /* Images */,
				ED466D1624696F5900A7C44F /* Sounds */,
				ED466D412469A05100A7C44F /* Models */,
				ED466D1E24696F5900A7C44F /* Fonts */,
			);
			path = TechMon_Resources;
			sourceTree = SOURCE_ROOT;
		};
		ED466D0A24696F5900A7C44F /* Images */ = {
			isa = PBXGroup;
			children = (
				ED466D0B24696F5900A7C44F /* lobby.png */,
				ED466D0C24696F5900A7C44F /* battlebg.png */,
				ED466D0D24696F5900A7C44F /* bgimage.jpg */,
				ED466D0E24696F5900A7C44F /* waku.png */,
				ED466D0F24696F5900A7C44F /* gold_button.png */,
				ED466D1024696F5900A7C44F /* yusya.png */,
				ED466D1124696F5900A7C44F /* monster.png */,
			);
			path = Images;
			sourceTree = "<group>";
		};
		ED466D1624696F5900A7C44F /* Sounds */ = {
			isa = PBXGroup;
			children = (
				ED466D1724696F5900A7C44F /* SE_fanfare.mp3 */,
				ED466D1824696F5900A7C44F /* BGM_battle001.mp3 */,
				ED466D1924696F5900A7C44F /* SE_fire.mp3 */,
				ED466D1A24696F5900A7C44F /* SE_attack.mp3 */,
				ED466D1B24696F5900A7C44F /* SE_gameover.mp3 */,
				ED466D1C24696F5900A7C44F /* SE_charge.mp3 */,
				ED466D1D24696F5900A7C44F /* lobby.mp3 */,
			);
			path = Sounds;
			sourceTree = "<group>";
		};
		ED466D1E24696F5900A7C44F /* Fonts */ = {
			isa = PBXGroup;
			children = (
				ED466D1F24696F5900A7C44F /* misaki_gothic.ttf */,
			);
			path = Fonts;
			sourceTree = "<group>";
		};
		ED466D412469A05100A7C44F /* Models */ = {
			isa = PBXGroup;
			children = (
				ED466D422469A05100A7C44F /* Icon */,
				ED466D432469A05100A7C44F /* TechMonManager.swift */,
				ED466D442469A05100A7C44F /* Character.swift */,
			);
			name = Models;
			path = Fonts/Models;
			sourceTree = "<group>";
		};
/* End PBXGroup section */

/* Begin PBXNativeTarget section */
		ED466CAC24696EC700A7C44F /* TechMon */ = {
			isa = PBXNativeTarget;
			buildConfigurationList = ED466CD724696EC900A7C44F /* Build configuration list for PBXNativeTarget "TechMon" */;
			buildPhases = (
				ED466CA924696EC700A7C44F /* Sources */,
				ED466CAA24696EC700A7C44F /* Frameworks */,
				ED466CAB24696EC700A7C44F /* Resources */,
			);
			buildRules = (
			);
			dependencies = (
			);
			name = TechMon;
			productName = TechMon;
			productReference = ED466CAD24696EC700A7C44F /* TechMon.app */;
			productType = "com.apple.product-type.application";
		};
		ED466CC224696EC900A7C44F /* TechMonTests */ = {
			isa = PBXNativeTarget;
			buildConfigurationList = ED466CDA24696EC900A7C44F /* Build configuration list for PBXNativeTarget "TechMonTests" */;
			buildPhases = (
				ED466CBF24696EC900A7C44F /* Sources */,
				ED466CC024696EC900A7C44F /* Frameworks */,
				ED466CC124696EC900A7C44F /* Resources */,
			);
			buildRules = (
			);
			dependencies = (
				ED466CC524696EC900A7C44F /* PBXTargetDependency */,
			);
			name = TechMonTests;
			productName = TechMonTests;
			productReference = ED466CC324696EC900A7C44F /* TechMonTests.xctest */;
			productType = "com.apple.product-type.bundle.unit-test";
		};
		ED466CCD24696EC900A7C44F /* TechMonUITests */ = {
			isa = PBXNativeTarget;
			buildConfigurationList = ED466CDD24696EC900A7C44F /* Build configuration list for PBXNativeTarget "TechMonUITests" */;
			buildPhases = (
				ED466CCA24696EC900A7C44F /* Sources */,
				ED466CCB24696EC900A7C44F /* Frameworks */,
				ED466CCC24696EC900A7C44F /* Resources */,
			);
			buildRules = (
			);
			dependencies = (
				ED466CD024696EC900A7C44F /* PBXTargetDependency */,
			);
			name = TechMonUITests;
			productName = TechMonUITests;
			productReference = ED466CCE24696EC900A7C44F /* TechMonUITests.xctest */;
			productType = "com.apple.product-type.bundle.ui-testing";
		};
/* End PBXNativeTarget section */

/* Begin PBXProject section */
		ED466CA524696EC700A7C44F /* Project object */ = {
			isa = PBXProject;
			attributes = {
				LastSwiftUpdateCheck = 1140;
				LastUpgradeCheck = 1140;
				ORGANIZATIONNAME = "Fujita Fujimon";
				TargetAttributes = {
					ED466CAC24696EC700A7C44F = {
						CreatedOnToolsVersion = 11.4.1;
					};
					ED466CC224696EC900A7C44F = {
						CreatedOnToolsVersion = 11.4.1;
						TestTargetID = ED466CAC24696EC700A7C44F;
					};
					ED466CCD24696EC900A7C44F = {
						CreatedOnToolsVersion = 11.4.1;
						TestTargetID = ED466CAC24696EC700A7C44F;
					};
				};
			};
			buildConfigurationList = ED466CA824696EC700A7C44F /* Build configuration list for PBXProject "TechMon" */;
			compatibilityVersion = "Xcode 9.3";
			developmentRegion = en;
			hasScannedForEncodings = 0;
			knownRegions = (
				en,
				Base,
			);
			mainGroup = ED466CA424696EC700A7C44F;
			productRefGroup = ED466CAE24696EC700A7C44F /* Products */;
			projectDirPath = "";
			projectRoot = "";
			targets = (
				ED466CAC24696EC700A7C44F /* TechMon */,
				ED466CC224696EC900A7C44F /* TechMonTests */,
				ED466CCD24696EC900A7C44F /* TechMonUITests */,
			);
		};
/* End PBXProject section */

/* Begin PBXResourcesBuildPhase section */
		ED466CAB24696EC700A7C44F /* Resources */ = {
			isa = PBXResourcesBuildPhase;
			buildActionMask = 2147483647;
			files = (
				ED466D2F24696F5900A7C44F /* SE_charge.mp3 in Resources */,
				ED466D2B24696F5900A7C44F /* BGM_battle001.mp3 in Resources */,
				ED466D2224696F5900A7C44F /* bgimage.jpg in Resources */,
				ED466D3124696F5900A7C44F /* misaki_gothic.ttf in Resources */,
				ED466D2A24696F5900A7C44F /* SE_fanfare.mp3 in Resources */,
				ED466D2324696F5900A7C44F /* waku.png in Resources */,
				ED466D2024696F5900A7C44F /* lobby.png in Resources */,
				ED466D2124696F5900A7C44F /* battlebg.png in Resources */,
				ED466CBD24696EC900A7C44F /* LaunchScreen.storyboard in Resources */,
				ED466D5A2469A05100A7C44F /* Icon in Resources */,
				ED466D2D24696F5900A7C44F /* SE_attack.mp3 in Resources */,
				ED466CBA24696EC900A7C44F /* Assets.xcassets in Resources */,
				ED466D2424696F5900A7C44F /* gold_button.png in Resources */,
				ED466D2524696F5900A7C44F /* yusya.png in Resources */,
				ED466D2624696F5900A7C44F /* monster.png in Resources */,
				ED466D2E24696F5900A7C44F /* SE_gameover.mp3 in Resources */,
				ED466D2C24696F5900A7C44F /* SE_fire.mp3 in Resources */,
				ED466CB824696EC700A7C44F /* Main.storyboard in Resources */,
				ED466D3024696F5900A7C44F /* lobby.mp3 in Resources */,
			);
			runOnlyForDeploymentPostprocessing = 0;
		};
		ED466CC124696EC900A7C44F /* Resources */ = {
			isa = PBXResourcesBuildPhase;
			buildActionMask = 2147483647;
			files = (
			);
			runOnlyForDeploymentPostprocessing = 0;
		};
		ED466CCC24696EC900A7C44F /* Resources */ = {
			isa = PBXResourcesBuildPhase;
			buildActionMask = 2147483647;
			files = (
			);
			runOnlyForDeploymentPostprocessing = 0;
		};
/* End PBXResourcesBuildPhase section */

/* Begin PBXSourcesBuildPhase section */
		ED466CA924696EC700A7C44F /* Sources */ = {
			isa = PBXSourcesBuildPhase;
			buildActionMask = 2147483647;
			files = (
				ED466D352469742000A7C44F /* BattleViewController.swift in Sources */,
				ED466CB524696EC700A7C44F /* ViewController.swift in Sources */,
				ED466D5B2469A05100A7C44F /* TechMonManager.swift in Sources */,
				ED466CB124696EC700A7C44F /* AppDelegate.swift in Sources */,
				ED466CB324696EC700A7C44F /* SceneDelegate.swift in Sources */,
				ED466D33246973F600A7C44F /* LobbyViewController.swift in Sources */,
				ED466D5C2469A05100A7C44F /* Character.swift in Sources */,
			);
			runOnlyForDeploymentPostprocessing = 0;
		};
		ED466CBF24696EC900A7C44F /* Sources */ = {
			isa = PBXSourcesBuildPhase;
			buildActionMask = 2147483647;
			files = (
				ED466CC824696EC900A7C44F /* TechMonTests.swift in Sources */,
			);
			runOnlyForDeploymentPostprocessing = 0;
		};
		ED466CCA24696EC900A7C44F /* Sources */ = {
			isa = PBXSourcesBuildPhase;
			buildActionMask = 2147483647;
			files = (
				ED466CD324696EC900A7C44F /* TechMonUITests.swift in Sources */,
			);
			runOnlyForDeploymentPostprocessing = 0;
		};
/* End PBXSourcesBuildPhase section */

/* Begin PBXTargetDependency section */
		ED466CC524696EC900A7C44F /* PBXTargetDependency */ = {
			isa = PBXTargetDependency;
			target = ED466CAC24696EC700A7C44F /* TechMon */;
			targetProxy = ED466CC424696EC900A7C44F /* PBXContainerItemProxy */;
		};
		ED466CD024696EC900A7C44F /* PBXTargetDependency */ = {
			isa = PBXTargetDependency;
			target = ED466CAC24696EC700A7C44F /* TechMon */;
			targetProxy = ED466CCF24696EC900A7C44F /* PBXContainerItemProxy */;
		};
/* End PBXTargetDependency section */

/* Begin PBXVariantGroup section */
		ED466CB624696EC700A7C44F /* Main.storyboard */ = {
			isa = PBXVariantGroup;
			children = (
				ED466CB724696EC700A7C44F /* Base */,
			);
			name = Main.storyboard;
			sourceTree = "<group>";
		};
		ED466CBB24696EC900A7C44F /* LaunchScreen.storyboard */ = {
			isa = PBXVariantGroup;
			children = (
				ED466CBC24696EC900A7C44F /* Base */,
			);
			name = LaunchScreen.storyboard;
			sourceTree = "<group>";
		};
/* End PBXVariantGroup section */

/* Begin XCBuildConfiguration section */
		ED466CD524696EC900A7C44F /* Debug */ = {
			isa = XCBuildConfiguration;
			buildSettings = {
				ALWAYS_SEARCH_USER_PATHS = NO;
				CLANG_ANALYZER_NONNULL = YES;
				CLANG_ANALYZER_NUMBER_OBJECT_CONVERSION = YES_AGGRESSIVE;
				CLANG_CXX_LANGUAGE_STANDARD = "gnu++14";
				CLANG_CXX_LIBRARY = "libc++";
				CLANG_ENABLE_MODULES = YES;
				CLANG_ENABLE_OBJC_ARC = YES;
				CLANG_ENABLE_OBJC_WEAK = YES;
				CLANG_WARN_BLOCK_CAPTURE_AUTORELEASING = YES;
				CLANG_WARN_BOOL_CONVERSION = YES;
				CLANG_WARN_COMMA = YES;
				CLANG_WARN_CONSTANT_CONVERSION = YES;
				CLANG_WARN_DEPRECATED_OBJC_IMPLEMENTATIONS = YES;
				CLANG_WARN_DIRECT_OBJC_ISA_USAGE = YES_ERROR;
				CLANG_WARN_DOCUMENTATION_COMMENTS = YES;
				CLANG_WARN_EMPTY_BODY = YES;
				CLANG_WARN_ENUM_CONVERSION = YES;
				CLANG_WARN_INFINITE_RECURSION = YES;
				CLANG_WARN_INT_CONVERSION = YES;
				CLANG_WARN_NON_LITERAL_NULL_CONVERSION = YES;
				CLANG_WARN_OBJC_IMPLICIT_RETAIN_SELF = YES;
				CLANG_WARN_OBJC_LITERAL_CONVERSION = YES;
				CLANG_WARN_OBJC_ROOT_CLASS = YES_ERROR;
				CLANG_WARN_RANGE_LOOP_ANALYSIS = YES;
				CLANG_WARN_STRICT_PROTOTYPES = YES;
				CLANG_WARN_SUSPICIOUS_MOVE = YES;
				CLANG_WARN_UNGUARDED_AVAILABILITY = YES_AGGRESSIVE;
				CLANG_WARN_UNREACHABLE_CODE = YES;
				CLANG_WARN__DUPLICATE_METHOD_MATCH = YES;
				COPY_PHASE_STRIP = NO;
				DEBUG_INFORMATION_FORMAT = dwarf;
				ENABLE_STRICT_OBJC_MSGSEND = YES;
				ENABLE_TESTABILITY = YES;
				GCC_C_LANGUAGE_STANDARD = gnu11;
				GCC_DYNAMIC_NO_PIC = NO;
				GCC_NO_COMMON_BLOCKS = YES;
				GCC_OPTIMIZATION_LEVEL = 0;
				GCC_PREPROCESSOR_DEFINITIONS = (
					"DEBUG=1",
					"$(inherited)",
				);
				GCC_WARN_64_TO_32_BIT_CONVERSION = YES;
				GCC_WARN_ABOUT_RETURN_TYPE = YES_ERROR;
				GCC_WARN_UNDECLARED_SELECTOR = YES;
				GCC_WARN_UNINITIALIZED_AUTOS = YES_AGGRESSIVE;
				GCC_WARN_UNUSED_FUNCTION = YES;
				GCC_WARN_UNUSED_VARIABLE = YES;
				IPHONEOS_DEPLOYMENT_TARGET = 13.4;
				MTL_ENABLE_DEBUG_INFO = INCLUDE_SOURCE;
				MTL_FAST_MATH = YES;
				ONLY_ACTIVE_ARCH = YES;
				SDKROOT = iphoneos;
				SWIFT_ACTIVE_COMPILATION_CONDITIONS = DEBUG;
				SWIFT_OPTIMIZATION_LEVEL = "-Onone";
			};
			name = Debug;
		};
		ED466CD624696EC900A7C44F /* Release */ = {
			isa = XCBuildConfiguration;
			buildSettings = {
				ALWAYS_SEARCH_USER_PATHS = NO;
				CLANG_ANALYZER_NONNULL = YES;
				CLANG_ANALYZER_NUMBER_OBJECT_CONVERSION = YES_AGGRESSIVE;
				CLANG_CXX_LANGUAGE_STANDARD = "gnu++14";
				CLANG_CXX_LIBRARY = "libc++";
				CLANG_ENABLE_MODULES = YES;
				CLANG_ENABLE_OBJC_ARC = YES;
				CLANG_ENABLE_OBJC_WEAK = YES;
				CLANG_WARN_BLOCK_CAPTURE_AUTORELEASING = YES;
				CLANG_WARN_BOOL_CONVERSION = YES;
				CLANG_WARN_COMMA = YES;
				CLANG_WARN_CONSTANT_CONVERSION = YES;
				CLANG_WARN_DEPRECATED_OBJC_IMPLEMENTATIONS = YES;
				CLANG_WARN_DIRECT_OBJC_ISA_USAGE = YES_ERROR;
				CLANG_WARN_DOCUMENTATION_COMMENTS = YES;
				CLANG_WARN_EMPTY_BODY = YES;
				CLANG_WARN_ENUM_CONVERSION = YES;
				CLANG_WARN_INFINITE_RECURSION = YES;
				CLANG_WARN_INT_CONVERSION = YES;
				CLANG_WARN_NON_LITERAL_NULL_CONVERSION = YES;
				CLANG_WARN_OBJC_IMPLICIT_RETAIN_SELF = YES;
				CLANG_WARN_OBJC_LITERAL_CONVERSION = YES;
				CLANG_WARN_OBJC_ROOT_CLASS = YES_ERROR;
				CLANG_WARN_RANGE_LOOP_ANALYSIS = YES;
				CLANG_WARN_STRICT_PROTOTYPES = YES;
				CLANG_WARN_SUSPICIOUS_MOVE = YES;
				CLANG_WARN_UNGUARDED_AVAILABILITY = YES_AGGRESSIVE;
				CLANG_WARN_UNREACHABLE_CODE = YES;
				CLANG_WARN__DUPLICATE_METHOD_MATCH = YES;
				COPY_PHASE_STRIP = NO;
				DEBUG_INFORMATION_FORMAT = "dwarf-with-dsym";
				ENABLE_NS_ASSERTIONS = NO;
				ENABLE_STRICT_OBJC_MSGSEND = YES;
				GCC_C_LANGUAGE_STANDARD = gnu11;
				GCC_NO_COMMON_BLOCKS = YES;
				GCC_WARN_64_TO_32_BIT_CONVERSION = YES;
				GCC_WARN_ABOUT_RETURN_TYPE = YES_ERROR;
				GCC_WARN_UNDECLARED_SELECTOR = YES;
				GCC_WARN_UNINITIALIZED_AUTOS = YES_AGGRESSIVE;
				GCC_WARN_UNUSED_FUNCTION = YES;
				GCC_WARN_UNUSED_VARIABLE = YES;
				IPHONEOS_DEPLOYMENT_TARGET = 13.4;
				MTL_ENABLE_DEBUG_INFO = NO;
				MTL_FAST_MATH = YES;
				SDKROOT = iphoneos;
				SWIFT_COMPILATION_MODE = wholemodule;
				SWIFT_OPTIMIZATION_LEVEL = "-O";
				VALIDATE_PRODUCT = YES;
			};
			name = Release;
		};
		ED466CD824696EC900A7C44F /* Debug */ = {
			isa = XCBuildConfiguration;
			buildSettings = {
				ASSETCATALOG_COMPILER_APPICON_NAME = AppIcon;
				CODE_SIGN_STYLE = Automatic;
				INFOPLIST_FILE = TechMon/Info.plist;
				LD_RUNPATH_SEARCH_PATHS = (
					"$(inherited)",
					"@executable_path/Frameworks",
				);
				PRODUCT_BUNDLE_IDENTIFIER = com.litech.TechMon;
				PRODUCT_NAME = "$(TARGET_NAME)";
				SWIFT_VERSION = 5.0;
				TARGETED_DEVICE_FAMILY = "1,2";
			};
			name = Debug;
		};
		ED466CD924696EC900A7C44F /* Release */ = {
			isa = XCBuildConfiguration;
			buildSettings = {
				ASSETCATALOG_COMPILER_APPICON_NAME = AppIcon;
				CODE_SIGN_STYLE = Automatic;
				INFOPLIST_FILE = TechMon/Info.plist;
				LD_RUNPATH_SEARCH_PATHS = (
					"$(inherited)",
					"@executable_path/Frameworks",
				);
				PRODUCT_BUNDLE_IDENTIFIER = com.litech.TechMon;
				PRODUCT_NAME = "$(TARGET_NAME)";
				SWIFT_VERSION = 5.0;
				TARGETED_DEVICE_FAMILY = "1,2";
			};
			name = Release;
		};
		ED466CDB24696EC900A7C44F /* Debug */ = {
			isa = XCBuildConfiguration;
			buildSettings = {
				ALWAYS_EMBED_SWIFT_STANDARD_LIBRARIES = YES;
				BUNDLE_LOADER = "$(TEST_HOST)";
				CODE_SIGN_STYLE = Automatic;
				INFOPLIST_FILE = TechMonTests/Info.plist;
				IPHONEOS_DEPLOYMENT_TARGET = 13.4;
				LD_RUNPATH_SEARCH_PATHS = (
					"$(inherited)",
					"@executable_path/Frameworks",
					"@loader_path/Frameworks",
				);
				PRODUCT_BUNDLE_IDENTIFIER = com.litech.TechMonTests;
				PRODUCT_NAME = "$(TARGET_NAME)";
				SWIFT_VERSION = 5.0;
				TARGETED_DEVICE_FAMILY = "1,2";
				TEST_HOST = "$(BUILT_PRODUCTS_DIR)/TechMon.app/TechMon";
			};
			name = Debug;
		};
		ED466CDC24696EC900A7C44F /* Release */ = {
			isa = XCBuildConfiguration;
			buildSettings = {
				ALWAYS_EMBED_SWIFT_STANDARD_LIBRARIES = YES;
				BUNDLE_LOADER = "$(TEST_HOST)";
				CODE_SIGN_STYLE = Automatic;
				INFOPLIST_FILE = TechMonTests/Info.plist;
				IPHONEOS_DEPLOYMENT_TARGET = 13.4;
				LD_RUNPATH_SEARCH_PATHS = (
					"$(inherited)",
					"@executable_path/Frameworks",
					"@loader_path/Frameworks",
				);
				PRODUCT_BUNDLE_IDENTIFIER = com.litech.TechMonTests;
				PRODUCT_NAME = "$(TARGET_NAME)";
				SWIFT_VERSION = 5.0;
				TARGETED_DEVICE_FAMILY = "1,2";
				TEST_HOST = "$(BUILT_PRODUCTS_DIR)/TechMon.app/TechMon";
			};
			name = Release;
		};
		ED466CDE24696EC900A7C44F /* Debug */ = {
			isa = XCBuildConfiguration;
			buildSettings = {
				ALWAYS_EMBED_SWIFT_STANDARD_LIBRARIES = YES;
				CODE_SIGN_STYLE = Automatic;
				INFOPLIST_FILE = TechMonUITests/Info.plist;
				LD_RUNPATH_SEARCH_PATHS = (
					"$(inherited)",
					"@executable_path/Frameworks",
					"@loader_path/Frameworks",
				);
				PRODUCT_BUNDLE_IDENTIFIER = com.litech.TechMonUITests;
				PRODUCT_NAME = "$(TARGET_NAME)";
				SWIFT_VERSION = 5.0;
				TARGETED_DEVICE_FAMILY = "1,2";
				TEST_TARGET_NAME = TechMon;
			};
			name = Debug;
		};
		ED466CDF24696EC900A7C44F /* Release */ = {
			isa = XCBuildConfiguration;
			buildSettings = {
				ALWAYS_EMBED_SWIFT_STANDARD_LIBRARIES = YES;
				CODE_SIGN_STYLE = Automatic;
				INFOPLIST_FILE = TechMonUITests/Info.plist;
				LD_RUNPATH_SEARCH_PATHS = (
					"$(inherited)",
					"@executable_path/Frameworks",
					"@loader_path/Frameworks",
				);
				PRODUCT_BUNDLE_IDENTIFIER = com.litech.TechMonUITests;
				PRODUCT_NAME = "$(TARGET_NAME)";
				SWIFT_VERSION = 5.0;
				TARGETED_DEVICE_FAMILY = "1,2";
				TEST_TARGET_NAME = TechMon;
			};
			name = Release;
		};
/* End XCBuildConfiguration section */

/* Begin XCConfigurationList section */
		ED466CA824696EC700A7C44F /* Build configuration list for PBXProject "TechMon" */ = {
			isa = XCConfigurationList;
			buildConfigurations = (
				ED466CD524696EC900A7C44F /* Debug */,
				ED466CD624696EC900A7C44F /* Release */,
			);
			defaultConfigurationIsVisible = 0;
			defaultConfigurationName = Release;
		};
		ED466CD724696EC900A7C44F /* Build configuration list for PBXNativeTarget "TechMon" */ = {
			isa = XCConfigurationList;
			buildConfigurations = (
				ED466CD824696EC900A7C44F /* Debug */,
				ED466CD924696EC900A7C44F /* Release */,
			);
			defaultConfigurationIsVisible = 0;
			defaultConfigurationName = Release;
		};
		ED466CDA24696EC900A7C44F /* Build configuration list for PBXNativeTarget "TechMonTests" */ = {
			isa = XCConfigurationList;
			buildConfigurations = (
				ED466CDB24696EC900A7C44F /* Debug */,
				ED466CDC24696EC900A7C44F /* Release */,
			);
			defaultConfigurationIsVisible = 0;
			defaultConfigurationName = Release;
		};
		ED466CDD24696EC900A7C44F /* Build configuration list for PBXNativeTarget "TechMonUITests" */ = {
			isa = XCConfigurationList;
			buildConfigurations = (
				ED466CDE24696EC900A7C44F /* Debug */,
				ED466CDF24696EC900A7C44F /* Release */,
			);
			defaultConfigurationIsVisible = 0;
			defaultConfigurationName = Release;
		};
/* End XCConfigurationList section */
	};
	rootObject = ED466CA524696EC700A7C44F /* Project object */;
}
